// !$*UTF8*$!
{
	archiveVersion = 1;
	classes = {
	};
	objectVersion = 56;
	objects = {

/* Begin PBXBuildFile section */
		5404CB4E291D9F130034D63F /* XCLIBSSH2.h in Headers */ = {isa = PBXBuildFile; fileRef = 5404CB4D291D9F130034D63F /* XCLIBSSH2.h */; settings = {ATTRIBUTES = (Public, ); }; };
		5404CB50291D9F1B0034D63F /* XCLIBSSH2.h in Headers */ = {isa = PBXBuildFile; fileRef = 5404CB4F291D9F1B0034D63F /* XCLIBSSH2.h */; settings = {ATTRIBUTES = (Public, ); }; };
		54E1C8CC291C891100613065 /* libssh2.xcconfig in Resources */ = {isa = PBXBuildFile; fileRef = 54E1C8CB291C891100613065 /* libssh2.xcconfig */; };
		54E1C955291D223400613065 /* libssh2_publickey.h in Headers */ = {isa = PBXBuildFile; fileRef = 54E1C952291D223400613065 /* libssh2_publickey.h */; settings = {ATTRIBUTES = (Public, ); }; };
		54E1C956291D223400613065 /* libssh2_sftp.h in Headers */ = {isa = PBXBuildFile; fileRef = 54E1C953291D223400613065 /* libssh2_sftp.h */; settings = {ATTRIBUTES = (Public, ); }; };
		54E1C957291D223400613065 /* libssh2.h in Headers */ = {isa = PBXBuildFile; fileRef = 54E1C954291D223400613065 /* libssh2.h */; settings = {ATTRIBUTES = (Public, ); }; };
		54E1C95B291D224F00613065 /* libssh2.h in Headers */ = {isa = PBXBuildFile; fileRef = 54E1C958291D224F00613065 /* libssh2.h */; settings = {ATTRIBUTES = (Public, ); }; };
		54E1C95C291D224F00613065 /* libssh2_publickey.h in Headers */ = {isa = PBXBuildFile; fileRef = 54E1C959291D224F00613065 /* libssh2_publickey.h */; settings = {ATTRIBUTES = (Public, ); }; };
		54E1C95D291D224F00613065 /* libssh2_sftp.h in Headers */ = {isa = PBXBuildFile; fileRef = 54E1C95A291D224F00613065 /* libssh2_sftp.h */; settings = {ATTRIBUTES = (Public, ); }; };
		54E79B6C291D666400336DCE /* libssh2.xcconfig in Resources */ = {isa = PBXBuildFile; fileRef = 54E1C8CB291C891100613065 /* libssh2.xcconfig */; };
		54E79B7B291D772700336DCE /* libcrypto.a in Frameworks */ = {isa = PBXBuildFile; fileRef = 54E79B7A291D772000336DCE /* libcrypto.a */; };
		54E79B7C291D772900336DCE /* libssh2.a in Frameworks */ = {isa = PBXBuildFile; fileRef = 54E79B78291D772000336DCE /* libssh2.a */; };
		54E79B7D291D772B00336DCE /* libssl.a in Frameworks */ = {isa = PBXBuildFile; fileRef = 54E79B79291D772000336DCE /* libssl.a */; };
		54E79B81291D775B00336DCE /* libcrypto.a in Frameworks */ = {isa = PBXBuildFile; fileRef = 54E79B80291D775700336DCE /* libcrypto.a */; };
		54E79B82291D775E00336DCE /* libssh2.a in Frameworks */ = {isa = PBXBuildFile; fileRef = 54E79B7F291D775700336DCE /* libssh2.a */; };
		54E79B83291D776100336DCE /* libssl.a in Frameworks */ = {isa = PBXBuildFile; fileRef = 54E79B7E291D775600336DCE /* libssl.a */; };
/* End PBXBuildFile section */

/* Begin PBXFileReference section */
		5404CB4D291D9F130034D63F /* XCLIBSSH2.h */ = {isa = PBXFileReference; fileEncoding = 4; lastKnownFileType = sourcecode.c.h; name = XCLIBSSH2.h; path = xcode_templates/XCLIBSSH2.h; sourceTree = "<group>"; };
		5404CB4F291D9F1B0034D63F /* XCLIBSSH2.h */ = {isa = PBXFileReference; fileEncoding = 4; lastKnownFileType = sourcecode.c.h; name = XCLIBSSH2.h; path = xcode_templates/XCLIBSSH2.h; sourceTree = "<group>"; };
		54E1C8AB291C826800613065 /* XCLIBSSH2.framework */ = {isa = PBXFileReference; explicitFileType = wrapper.framework; includeInIndex = 0; path = XCLIBSSH2.framework; sourceTree = BUILT_PRODUCTS_DIR; };
		54E1C8CB291C891100613065 /* libssh2.xcconfig */ = {isa = PBXFileReference; fileEncoding = 4; lastKnownFileType = text.xcconfig; path = libssh2.xcconfig; sourceTree = "<group>"; };
		54E1C908291C99D300613065 /* XCLIBSSH2.framework */ = {isa = PBXFileReference; explicitFileType = wrapper.framework; includeInIndex = 0; path = XCLIBSSH2.framework; sourceTree = BUILT_PRODUCTS_DIR; };
		54E1C952291D223400613065 /* libssh2_publickey.h */ = {isa = PBXFileReference; lastKnownFileType = sourcecode.c.h; name = libssh2_publickey.h; path = iphoneos/include/libssh2_publickey.h; sourceTree = "<group>"; };
		54E1C953291D223400613065 /* libssh2_sftp.h */ = {isa = PBXFileReference; lastKnownFileType = sourcecode.c.h; name = libssh2_sftp.h; path = iphoneos/include/libssh2_sftp.h; sourceTree = "<group>"; };
		54E1C954291D223400613065 /* libssh2.h */ = {isa = PBXFileReference; lastKnownFileType = sourcecode.c.h; name = libssh2.h; path = iphoneos/include/libssh2.h; sourceTree = "<group>"; };
		54E1C958291D224F00613065 /* libssh2.h */ = {isa = PBXFileReference; lastKnownFileType = sourcecode.c.h; name = libssh2.h; path = iphonesimulator/include/libssh2.h; sourceTree = "<group>"; };
		54E1C959291D224F00613065 /* libssh2_publickey.h */ = {isa = PBXFileReference; lastKnownFileType = sourcecode.c.h; name = libssh2_publickey.h; path = iphonesimulator/include/libssh2_publickey.h; sourceTree = "<group>"; };
		54E1C95A291D224F00613065 /* libssh2_sftp.h */ = {isa = PBXFileReference; lastKnownFileType = sourcecode.c.h; name = libssh2_sftp.h; path = iphonesimulator/include/libssh2_sftp.h; sourceTree = "<group>"; };
		54E79B78291D772000336DCE /* libssh2.a */ = {isa = PBXFileReference; lastKnownFileType = archive.ar; name = libssh2.a; path = iphoneos/lib/libssh2.a; sourceTree = "<group>"; };
		54E79B79291D772000336DCE /* libssl.a */ = {isa = PBXFileReference; lastKnownFileType = archive.ar; name = libssl.a; path = iphoneos/lib/libssl.a; sourceTree = "<group>"; };
		54E79B7A291D772000336DCE /* libcrypto.a */ = {isa = PBXFileReference; lastKnownFileType = archive.ar; name = libcrypto.a; path = iphoneos/lib/libcrypto.a; sourceTree = "<group>"; };
		54E79B7E291D775600336DCE /* libssl.a */ = {isa = PBXFileReference; lastKnownFileType = archive.ar; name = libssl.a; path = iphonesimulator/lib/libssl.a; sourceTree = "<group>"; };
		54E79B7F291D775700336DCE /* libssh2.a */ = {isa = PBXFileReference; lastKnownFileType = archive.ar; name = libssh2.a; path = iphonesimulator/lib/libssh2.a; sourceTree = "<group>"; };
		54E79B80291D775700336DCE /* libcrypto.a */ = {isa = PBXFileReference; lastKnownFileType = archive.ar; name = libcrypto.a; path = iphonesimulator/lib/libcrypto.a; sourceTree = "<group>"; };
/* End PBXFileReference section */

/* Begin PBXFrameworksBuildPhase section */
		54E1C8A8291C826800613065 /* Frameworks */ = {
			isa = PBXFrameworksBuildPhase;
			buildActionMask = 2147483647;
			files = (
				54E79B7B291D772700336DCE /* libcrypto.a in Frameworks */,
				54E79B7C291D772900336DCE /* libssh2.a in Frameworks */,
				54E79B7D291D772B00336DCE /* libssl.a in Frameworks */,
			);
			runOnlyForDeploymentPostprocessing = 0;
		};
		54E1C905291C99D300613065 /* Frameworks */ = {
			isa = PBXFrameworksBuildPhase;
			buildActionMask = 2147483647;
			files = (
				54E79B81291D775B00336DCE /* libcrypto.a in Frameworks */,
				54E79B82291D775E00336DCE /* libssh2.a in Frameworks */,
				54E79B83291D776100336DCE /* libssl.a in Frameworks */,
			);
			runOnlyForDeploymentPostprocessing = 0;
		};
/* End PBXFrameworksBuildPhase section */

/* Begin PBXGroup section */
		54E1C8A1291C826800613065 = {
			isa = PBXGroup;
			children = (
				54E1C94B291D21F800613065 /* simulator */,
				54E1C94A291D21E600613065 /* iphone */,
				54E1C8CB291C891100613065 /* libssh2.xcconfig */,
				54E1C8AC291C826800613065 /* Products */,
				54E1C8B5291C854700613065 /* Frameworks */,
			);
			sourceTree = "<group>";
			wrapsLines = 0;
		};
		54E1C8AC291C826800613065 /* Products */ = {
			isa = PBXGroup;
			children = (
				54E1C8AB291C826800613065 /* XCLIBSSH2.framework */,
				54E1C908291C99D300613065 /* XCLIBSSH2.framework */,
			);
			name = Products;
			path = iphone/libssh2;
			sourceTree = "<group>";
		};
		54E1C8B5291C854700613065 /* Frameworks */ = {
			isa = PBXGroup;
			children = (
				54E79B80291D775700336DCE /* libcrypto.a */,
				54E79B7F291D775700336DCE /* libssh2.a */,
				54E79B7E291D775600336DCE /* libssl.a */,
				54E79B7A291D772000336DCE /* libcrypto.a */,
				54E79B78291D772000336DCE /* libssh2.a */,
				54E79B79291D772000336DCE /* libssl.a */,
			);
			name = Frameworks;
			sourceTree = "<group>";
		};
		54E1C94A291D21E600613065 /* iphone */ = {
			isa = PBXGroup;
			children = (
				5404CB4D291D9F130034D63F /* XCLIBSSH2.h */,
				54E1C952291D223400613065 /* libssh2_publickey.h */,
				54E1C953291D223400613065 /* libssh2_sftp.h */,
				54E1C954291D223400613065 /* libssh2.h */,
			);
			name = iphone;
			sourceTree = "<group>";
		};
		54E1C94B291D21F800613065 /* simulator */ = {
			isa = PBXGroup;
			children = (
				5404CB4F291D9F1B0034D63F /* XCLIBSSH2.h */,
				54E1C959291D224F00613065 /* libssh2_publickey.h */,
				54E1C95A291D224F00613065 /* libssh2_sftp.h */,
				54E1C958291D224F00613065 /* libssh2.h */,
			);
			name = simulator;
			sourceTree = "<group>";
		};
/* End PBXGroup section */

/* Begin PBXHeadersBuildPhase section */
		54E1C8A6291C826800613065 /* Headers */ = {
			isa = PBXHeadersBuildPhase;
			buildActionMask = 2147483647;
			files = (
				54E1C955291D223400613065 /* libssh2_publickey.h in Headers */,
				54E1C956291D223400613065 /* libssh2_sftp.h in Headers */,
				5404CB4E291D9F130034D63F /* XCLIBSSH2.h in Headers */,
				54E1C957291D223400613065 /* libssh2.h in Headers */,
			);
			runOnlyForDeploymentPostprocessing = 0;
		};
		54E1C903291C99D300613065 /* Headers */ = {
			isa = PBXHeadersBuildPhase;
			buildActionMask = 2147483647;
			files = (
				54E1C95B291D224F00613065 /* libssh2.h in Headers */,
				54E1C95C291D224F00613065 /* libssh2_publickey.h in Headers */,
				5404CB50291D9F1B0034D63F /* XCLIBSSH2.h in Headers */,
				54E1C95D291D224F00613065 /* libssh2_sftp.h in Headers */,
			);
			runOnlyForDeploymentPostprocessing = 0;
		};
/* End PBXHeadersBuildPhase section */

/* Begin PBXNativeTarget section */
		54E1C8AA291C826800613065 /* XCLIBSSH2 (iOS) */ = {
			isa = PBXNativeTarget;
			buildConfigurationList = 54E1C8B2291C826800613065 /* Build configuration list for PBXNativeTarget "XCLIBSSH2 (iOS)" */;
			buildPhases = (
				54E1C8A6291C826800613065 /* Headers */,
				54E1C8A7291C826800613065 /* Sources */,
				54E1C8A8291C826800613065 /* Frameworks */,
				54E1C8A9291C826800613065 /* Resources */,
			);
			buildRules = (
			);
			dependencies = (
			);
			name = "XCLIBSSH2 (iOS)";
			productName = libssh2;
			productReference = 54E1C8AB291C826800613065 /* XCLIBSSH2.framework */;
			productType = "com.apple.product-type.framework";
		};
		54E1C907291C99D300613065 /* XCLIBSSH2 (iOS Simulator) */ = {
			isa = PBXNativeTarget;
			buildConfigurationList = 54E1C90C291C99D300613065 /* Build configuration list for PBXNativeTarget "XCLIBSSH2 (iOS Simulator)" */;
			buildPhases = (
				54E1C903291C99D300613065 /* Headers */,
				54E1C904291C99D300613065 /* Sources */,
				54E1C905291C99D300613065 /* Frameworks */,
				54E1C906291C99D300613065 /* Resources */,
			);
			buildRules = (
			);
			dependencies = (
			);
			name = "XCLIBSSH2 (iOS Simulator)";
			productName = libssh2;
			productReference = 54E1C908291C99D300613065 /* XCLIBSSH2.framework */;
			productType = "com.apple.product-type.framework";
		};
/* End PBXNativeTarget section */

/* Begin PBXProject section */
		54E1C8A2291C826800613065 /* Project object */ = {
			isa = PBXProject;
			attributes = {
				BuildIndependentTargetsInParallel = 1;
				LastUpgradeCheck = 1410;
				TargetAttributes = {
					54E1C8AA291C826800613065 = {
						CreatedOnToolsVersion = 14.1;
					};
					54E1C907291C99D300613065 = {
						CreatedOnToolsVersion = 14.1;
					};
				};
			};
			buildConfigurationList = 54E1C8A5291C826800613065 /* Build configuration list for PBXProject "XCLIBSSH2" */;
			compatibilityVersion = "Xcode 14.0";
			developmentRegion = en;
			hasScannedForEncodings = 0;
			knownRegions = (
				en,
				Base,
			);
			mainGroup = 54E1C8A1291C826800613065;
			productRefGroup = 54E1C8AC291C826800613065 /* Products */;
			projectDirPath = "";
			projectRoot = "";
			targets = (
				54E1C8AA291C826800613065 /* XCLIBSSH2 (iOS) */,
				54E1C907291C99D300613065 /* XCLIBSSH2 (iOS Simulator) */,
			);
		};
/* End PBXProject section */

/* Begin PBXResourcesBuildPhase section */
		54E1C8A9291C826800613065 /* Resources */ = {
			isa = PBXResourcesBuildPhase;
			buildActionMask = 2147483647;
			files = (
				54E1C8CC291C891100613065 /* libssh2.xcconfig in Resources */,
			);
			runOnlyForDeploymentPostprocessing = 0;
		};
		54E1C906291C99D300613065 /* Resources */ = {
			isa = PBXResourcesBuildPhase;
			buildActionMask = 2147483647;
			files = (
				54E79B6C291D666400336DCE /* libssh2.xcconfig in Resources */,
			);
			runOnlyForDeploymentPostprocessing = 0;
		};
/* End PBXResourcesBuildPhase section */

/* Begin PBXSourcesBuildPhase section */
		54E1C8A7291C826800613065 /* Sources */ = {
			isa = PBXSourcesBuildPhase;
			buildActionMask = 2147483647;
			files = (
			);
			runOnlyForDeploymentPostprocessing = 0;
		};
		54E1C904291C99D300613065 /* Sources */ = {
			isa = PBXSourcesBuildPhase;
			buildActionMask = 2147483647;
			files = (
			);
			runOnlyForDeploymentPostprocessing = 0;
		};
/* End PBXSourcesBuildPhase section */

/* Begin XCBuildConfiguration section */
		54E1C8B0291C826800613065 /* Debug */ = {
			isa = XCBuildConfiguration;
			baseConfigurationReference = 54E1C8CB291C891100613065 /* libssh2.xcconfig */;
			buildSettings = {
				ALWAYS_SEARCH_USER_PATHS = NO;
				CLANG_ANALYZER_NONNULL = YES;
				CLANG_ANALYZER_NUMBER_OBJECT_CONVERSION = YES_AGGRESSIVE;
				CLANG_CXX_LANGUAGE_STANDARD = "gnu++20";
				CLANG_ENABLE_MODULES = YES;
				CLANG_ENABLE_OBJC_ARC = YES;
				CLANG_ENABLE_OBJC_WEAK = YES;
				CLANG_WARN_BLOCK_CAPTURE_AUTORELEASING = YES;
				CLANG_WARN_BOOL_CONVERSION = YES;
				CLANG_WARN_COMMA = YES;
				CLANG_WARN_CONSTANT_CONVERSION = YES;
				CLANG_WARN_DEPRECATED_OBJC_IMPLEMENTATIONS = YES;
				CLANG_WARN_DIRECT_OBJC_ISA_USAGE = YES_ERROR;
				CLANG_WARN_DOCUMENTATION_COMMENTS = YES;
				CLANG_WARN_EMPTY_BODY = YES;
				CLANG_WARN_ENUM_CONVERSION = YES;
				CLANG_WARN_INFINITE_RECURSION = YES;
				CLANG_WARN_INT_CONVERSION = YES;
				CLANG_WARN_NON_LITERAL_NULL_CONVERSION = YES;
				CLANG_WARN_OBJC_IMPLICIT_RETAIN_SELF = YES;
				CLANG_WARN_OBJC_LITERAL_CONVERSION = YES;
				CLANG_WARN_OBJC_ROOT_CLASS = YES_ERROR;
				CLANG_WARN_QUOTED_INCLUDE_IN_FRAMEWORK_HEADER = YES;
				CLANG_WARN_RANGE_LOOP_ANALYSIS = YES;
				CLANG_WARN_STRICT_PROTOTYPES = YES;
				CLANG_WARN_SUSPICIOUS_MOVE = YES;
				CLANG_WARN_UNGUARDED_AVAILABILITY = YES_AGGRESSIVE;
				CLANG_WARN_UNREACHABLE_CODE = YES;
				CLANG_WARN__DUPLICATE_METHOD_MATCH = YES;
				COPY_PHASE_STRIP = NO;
				CURRENT_PROJECT_VERSION = 1;
				DEBUG_INFORMATION_FORMAT = dwarf;
				ENABLE_STRICT_OBJC_MSGSEND = YES;
				ENABLE_TESTABILITY = YES;
				GCC_C_LANGUAGE_STANDARD = gnu11;
				GCC_DYNAMIC_NO_PIC = NO;
				GCC_NO_COMMON_BLOCKS = YES;
				GCC_OPTIMIZATION_LEVEL = 0;
				GCC_PREPROCESSOR_DEFINITIONS = (
					"DEBUG=1",
					"$(inherited)",
				);
				GCC_WARN_64_TO_32_BIT_CONVERSION = YES;
				GCC_WARN_ABOUT_RETURN_TYPE = YES_ERROR;
				GCC_WARN_UNDECLARED_SELECTOR = YES;
				GCC_WARN_UNINITIALIZED_AUTOS = YES_AGGRESSIVE;
				GCC_WARN_UNUSED_FUNCTION = YES;
				GCC_WARN_UNUSED_VARIABLE = YES;
				IPHONEOS_DEPLOYMENT_TARGET = 11.0;
				MTL_ENABLE_DEBUG_INFO = INCLUDE_SOURCE;
				MTL_FAST_MATH = YES;
				ONLY_ACTIVE_ARCH = YES;
				SDKROOT = iphoneos;
				VERSIONING_SYSTEM = "apple-generic";
				VERSION_INFO_PREFIX = "";
			};
			name = Debug;
		};
		54E1C8B1291C826800613065 /* Release */ = {
			isa = XCBuildConfiguration;
			baseConfigurationReference = 54E1C8CB291C891100613065 /* libssh2.xcconfig */;
			buildSettings = {
				ALWAYS_SEARCH_USER_PATHS = NO;
				CLANG_ANALYZER_NONNULL = YES;
				CLANG_ANALYZER_NUMBER_OBJECT_CONVERSION = YES_AGGRESSIVE;
				CLANG_CXX_LANGUAGE_STANDARD = "gnu++20";
				CLANG_ENABLE_MODULES = YES;
				CLANG_ENABLE_OBJC_ARC = YES;
				CLANG_ENABLE_OBJC_WEAK = YES;
				CLANG_WARN_BLOCK_CAPTURE_AUTORELEASING = YES;
				CLANG_WARN_BOOL_CONVERSION = YES;
				CLANG_WARN_COMMA = YES;
				CLANG_WARN_CONSTANT_CONVERSION = YES;
				CLANG_WARN_DEPRECATED_OBJC_IMPLEMENTATIONS = YES;
				CLANG_WARN_DIRECT_OBJC_ISA_USAGE = YES_ERROR;
				CLANG_WARN_DOCUMENTATION_COMMENTS = YES;
				CLANG_WARN_EMPTY_BODY = YES;
				CLANG_WARN_ENUM_CONVERSION = YES;
				CLANG_WARN_INFINITE_RECURSION = YES;
				CLANG_WARN_INT_CONVERSION = YES;
				CLANG_WARN_NON_LITERAL_NULL_CONVERSION = YES;
				CLANG_WARN_OBJC_IMPLICIT_RETAIN_SELF = YES;
				CLANG_WARN_OBJC_LITERAL_CONVERSION = YES;
				CLANG_WARN_OBJC_ROOT_CLASS = YES_ERROR;
				CLANG_WARN_QUOTED_INCLUDE_IN_FRAMEWORK_HEADER = YES;
				CLANG_WARN_RANGE_LOOP_ANALYSIS = YES;
				CLANG_WARN_STRICT_PROTOTYPES = YES;
				CLANG_WARN_SUSPICIOUS_MOVE = YES;
				CLANG_WARN_UNGUARDED_AVAILABILITY = YES_AGGRESSIVE;
				CLANG_WARN_UNREACHABLE_CODE = YES;
				CLANG_WARN__DUPLICATE_METHOD_MATCH = YES;
				COPY_PHASE_STRIP = NO;
				CURRENT_PROJECT_VERSION = 1;
				DEBUG_INFORMATION_FORMAT = "dwarf-with-dsym";
				ENABLE_NS_ASSERTIONS = NO;
				ENABLE_STRICT_OBJC_MSGSEND = YES;
				GCC_C_LANGUAGE_STANDARD = gnu11;
				GCC_NO_COMMON_BLOCKS = YES;
				GCC_WARN_64_TO_32_BIT_CONVERSION = YES;
				GCC_WARN_ABOUT_RETURN_TYPE = YES_ERROR;
				GCC_WARN_UNDECLARED_SELECTOR = YES;
				GCC_WARN_UNINITIALIZED_AUTOS = YES_AGGRESSIVE;
				GCC_WARN_UNUSED_FUNCTION = YES;
				GCC_WARN_UNUSED_VARIABLE = YES;
				IPHONEOS_DEPLOYMENT_TARGET = 11.0;
				MTL_ENABLE_DEBUG_INFO = NO;
				MTL_FAST_MATH = YES;
				SDKROOT = iphoneos;
				VALIDATE_PRODUCT = YES;
				VERSIONING_SYSTEM = "apple-generic";
				VERSION_INFO_PREFIX = "";
			};
			name = Release;
		};
		54E1C8B3291C826800613065 /* Debug */ = {
			isa = XCBuildConfiguration;
			buildSettings = {
				APPLY_RULES_IN_COPY_HEADERS = YES;
				CODE_SIGN_STYLE = Manual;
				CURRENT_PROJECT_VERSION = 1;
				DEAD_CODE_STRIPPING = NO;
				DEFINES_MODULE = YES;
				DEVELOPMENT_TEAM = "";
				DYLIB_COMPATIBILITY_VERSION = 1;
				DYLIB_CURRENT_VERSION = 1;
				DYLIB_INSTALL_NAME_BASE = "@rpath";
				ENABLE_BITCODE = NO;
				GENERATE_INFOPLIST_FILE = YES;
				INFOPLIST_KEY_NSHumanReadableCopyright = "";
				INSTALL_PATH = "$(LOCAL_LIBRARY_DIR)/Frameworks";
				LD_RUNPATH_SEARCH_PATHS = (
					"$(inherited)",
					"@executable_path/Frameworks",
					"@loader_path/Frameworks",
				);
				LIBRARY_SEARCH_PATHS = (
					"$(inherited)",
					"$(PROJECT_DIR)/iphoneos/lib",
				);
				MARKETING_VERSION = 1.0;
				ONLY_ACTIVE_ARCH = NO;
				OTHER_LDFLAGS = (
					"-Xlinker",
					"-all_load",
				);
				PRODUCT_BUNDLE_IDENTIFIER = com.shahzaib.libssh2;
				PRODUCT_NAME = XCLIBSSH2;
				PROVISIONING_PROFILE_SPECIFIER = "";
				SKIP_INSTALL = YES;
				SUPPORTED_PLATFORMS = iphoneos;
				SUPPORTS_MACCATALYST = NO;
				SUPPORTS_MAC_DESIGNED_FOR_IPHONE_IPAD = NO;
				SWIFT_EMIT_LOC_STRINGS = NO;
				TARGETED_DEVICE_FAMILY = "1,2";
				USE_HEADERMAP = YES;
			};
			name = Debug;
		};
		54E1C8B4291C826800613065 /* Release */ = {
			isa = XCBuildConfiguration;
			buildSettings = {
				APPLY_RULES_IN_COPY_HEADERS = YES;
				CODE_SIGN_STYLE = Manual;
				CURRENT_PROJECT_VERSION = 1;
				DEAD_CODE_STRIPPING = NO;
				DEFINES_MODULE = YES;
				DEVELOPMENT_TEAM = "";
				DYLIB_COMPATIBILITY_VERSION = 1;
				DYLIB_CURRENT_VERSION = 1;
				DYLIB_INSTALL_NAME_BASE = "@rpath";
				ENABLE_BITCODE = NO;
				GENERATE_INFOPLIST_FILE = YES;
				INFOPLIST_KEY_NSHumanReadableCopyright = "";
				INSTALL_PATH = "$(LOCAL_LIBRARY_DIR)/Frameworks";
				LD_RUNPATH_SEARCH_PATHS = (
					"$(inherited)",
					"@executable_path/Frameworks",
					"@loader_path/Frameworks",
				);
				LIBRARY_SEARCH_PATHS = (
					"$(inherited)",
					"$(PROJECT_DIR)/iphoneos/lib",
				);
				MARKETING_VERSION = 1.0;
				ONLY_ACTIVE_ARCH = NO;
				OTHER_LDFLAGS = (
					"-Xlinker",
					"-all_load",
				);
				PRODUCT_BUNDLE_IDENTIFIER = com.shahzaib.libssh2;
				PRODUCT_NAME = XCLIBSSH2;
				PROVISIONING_PROFILE_SPECIFIER = "";
				SKIP_INSTALL = YES;
				SUPPORTED_PLATFORMS = iphoneos;
				SUPPORTS_MACCATALYST = NO;
				SUPPORTS_MAC_DESIGNED_FOR_IPHONE_IPAD = NO;
				SWIFT_EMIT_LOC_STRINGS = NO;
				TARGETED_DEVICE_FAMILY = "1,2";
				USE_HEADERMAP = YES;
			};
			name = Release;
		};
		54E1C90D291C99D300613065 /* Debug */ = {
			isa = XCBuildConfiguration;
			buildSettings = {
				APPLY_RULES_IN_COPY_HEADERS = YES;
				CLANG_CXX_LANGUAGE_STANDARD = "gnu++20";
				CODE_SIGN_STYLE = Automatic;
				CURRENT_PROJECT_VERSION = 1;
				DEAD_CODE_STRIPPING = NO;
				DEFINES_MODULE = YES;
				DEVELOPMENT_TEAM = YH9ZBNT9W5;
				DYLIB_COMPATIBILITY_VERSION = 1;
				DYLIB_CURRENT_VERSION = 1;
				DYLIB_INSTALL_NAME_BASE = "@rpath";
				ENABLE_BITCODE = NO;
				GENERATE_INFOPLIST_FILE = YES;
				HEADER_SEARCH_PATHS = "";
				INFOPLIST_KEY_NSHumanReadableCopyright = "";
				INSTALL_PATH = "$(LOCAL_LIBRARY_DIR)/Frameworks";
				IPHONEOS_DEPLOYMENT_TARGET = 11.0;
				LD_RUNPATH_SEARCH_PATHS = (
					"$(inherited)",
					"@executable_path/Frameworks",
					"@loader_path/Frameworks",
				);
				LIBRARY_SEARCH_PATHS = (
					"$(inherited)",
					"$(PROJECT_DIR)/iphonesimulator/lib",
				);
				MARKETING_VERSION = 1.0;
				ONLY_ACTIVE_ARCH = NO;
				OTHER_LDFLAGS = (
					"-Xlinker",
					"-all_load",
				);
				PRODUCT_BUNDLE_IDENTIFIER = com.shahzaib.libssh2;
				PRODUCT_NAME = XCLIBSSH2;
				SKIP_INSTALL = YES;
				SUPPORTED_PLATFORMS = "iphoneos iphonesimulator";
				SUPPORTS_MACCATALYST = NO;
				SUPPORTS_MAC_DESIGNED_FOR_IPHONE_IPAD = NO;
				SWIFT_EMIT_LOC_STRINGS = NO;
				TARGETED_DEVICE_FAMILY = "1,2";
				USE_HEADERMAP = NO;
			};
			name = Debug;
		};
		54E1C90E291C99D300613065 /* Release */ = {
			isa = XCBuildConfiguration;
			buildSettings = {
				APPLY_RULES_IN_COPY_HEADERS = YES;
				CLANG_CXX_LANGUAGE_STANDARD = "gnu++20";
				CODE_SIGN_STYLE = Automatic;
				CURRENT_PROJECT_VERSION = 1;
				DEAD_CODE_STRIPPING = NO;
				DEFINES_MODULE = YES;
				DEVELOPMENT_TEAM = YH9ZBNT9W5;
				DYLIB_COMPATIBILITY_VERSION = 1;
				DYLIB_CURRENT_VERSION = 1;
				DYLIB_INSTALL_NAME_BASE = "@rpath";
				ENABLE_BITCODE = NO;
				GENERATE_INFOPLIST_FILE = YES;
				HEADER_SEARCH_PATHS = "";
				INFOPLIST_KEY_NSHumanReadableCopyright = "";
				INSTALL_PATH = "$(LOCAL_LIBRARY_DIR)/Frameworks";
				IPHONEOS_DEPLOYMENT_TARGET = 11.0;
				LD_RUNPATH_SEARCH_PATHS = (
					"$(inherited)",
					"@executable_path/Frameworks",
					"@loader_path/Frameworks",
				);
				LIBRARY_SEARCH_PATHS = (
					"$(inherited)",
					"$(PROJECT_DIR)/iphonesimulator/lib",
				);
				MARKETING_VERSION = 1.0;
				ONLY_ACTIVE_ARCH = NO;
				OTHER_LDFLAGS = (
					"-Xlinker",
					"-all_load",
				);
				PRODUCT_BUNDLE_IDENTIFIER = com.shahzaib.libssh2;
				PRODUCT_NAME = XCLIBSSH2;
				SKIP_INSTALL = YES;
				SUPPORTED_PLATFORMS = "iphoneos iphonesimulator";
				SUPPORTS_MACCATALYST = NO;
				SUPPORTS_MAC_DESIGNED_FOR_IPHONE_IPAD = NO;
				SWIFT_EMIT_LOC_STRINGS = NO;
				TARGETED_DEVICE_FAMILY = "1,2";
				USE_HEADERMAP = NO;
			};
			name = Release;
		};
/* End XCBuildConfiguration section */

/* Begin XCConfigurationList section */
		54E1C8A5291C826800613065 /* Build configuration list for PBXProject "XCLIBSSH2" */ = {
			isa = XCConfigurationList;
			buildConfigurations = (
				54E1C8B0291C826800613065 /* Debug */,
				54E1C8B1291C826800613065 /* Release */,
			);
			defaultConfigurationIsVisible = 0;
			defaultConfigurationName = Release;
		};
		54E1C8B2291C826800613065 /* Build configuration list for PBXNativeTarget "XCLIBSSH2 (iOS)" */ = {
			isa = XCConfigurationList;
			buildConfigurations = (
				54E1C8B3291C826800613065 /* Debug */,
				54E1C8B4291C826800613065 /* Release */,
			);
			defaultConfigurationIsVisible = 0;
			defaultConfigurationName = Release;
		};
		54E1C90C291C99D300613065 /* Build configuration list for PBXNativeTarget "XCLIBSSH2 (iOS Simulator)" */ = {
			isa = XCConfigurationList;
			buildConfigurations = (
				54E1C90D291C99D300613065 /* Debug */,
				54E1C90E291C99D300613065 /* Release */,
			);
			defaultConfigurationIsVisible = 0;
			defaultConfigurationName = Release;
		};
/* End XCConfigurationList section */
	};
	rootObject = 54E1C8A2291C826800613065 /* Project object */;
}
